
Microsoft Visual Studio Solution File, Format Version 12.00
# Visual Studio Version 17
VisualStudioVersion = 17.0.31903.59
MinimumVisualStudioVersion = 10.0.40219.1
Project("{2150E333-8FDC-42A3-9474-1A3956D46DE8}") = "src", "src", "{9858A695-CDB3-4796-8AEE-CDC8B2A613C1}"
EndProject
Project("{FAE04EC0-301F-11D3-BF4B-00C04F79EFBC}") = "Academy.Cart.API", "src\Academy.Cart.API\Academy.Cart.API.csproj", "{4119A6C6-71B7-4922-990E-6A287DB2131F}"
EndProject
Project("{FAE04EC0-301F-11D3-BF4B-00C04F79EFBC}") = "Academy.Cart.Application", "src\Academy.Cart.Application\Academy.Cart.Application.csproj", "{9D845B19-03F7-47E2-A7EA-C35350AE0B48}"
EndProject
Project("{FAE04EC0-301F-11D3-BF4B-00C04F79EFBC}") = "Academy.Cart.Domain", "src\Academy.Cart.Domain\Academy.Cart.Domain.csproj", "{BFD1554F-A852-45EB-9860-C668CEDFA41A}"
EndProject
Project("{FAE04EC0-301F-11D3-BF4B-00C04F79EFBC}") = "Academy.Cart.Infrastructure", "src\Academy.Cart.Infrastructure\Academy.Cart.Infrastructure.csproj", "{97CC313C-9BE7-428C-94E5-45BF1BD7C79E}"
EndProject
Global
	GlobalSection(SolutionConfigurationPlatforms) = preSolution
		Debug|Any CPU = Debug|Any CPU
		Release|Any CPU = Release|Any CPU
	EndGlobalSection
	GlobalSection(SolutionProperties) = preSolution
		HideSolutionNode = FALSE
	EndGlobalSection
	GlobalSection(ProjectConfigurationPlatforms) = postSolution
		{4119A6C6-71B7-4922-990E-6A287DB2131F}.Debug|Any CPU.ActiveCfg = Debug|Any CPU
		{4119A6C6-71B7-4922-990E-6A287DB2131F}.Debug|Any CPU.Build.0 = Debug|Any CPU
		{4119A6C6-71B7-4922-990E-6A287DB2131F}.Release|Any CPU.ActiveCfg = Release|Any CPU
		{4119A6C6-71B7-4922-990E-6A287DB2131F}.Release|Any CPU.Build.0 = Release|Any CPU
		{9D845B19-03F7-47E2-A7EA-C35350AE0B48}.Debug|Any CPU.ActiveCfg = Debug|Any CPU
		{9D845B19-03F7-47E2-A7EA-C35350AE0B48}.Debug|Any CPU.Build.0 = Debug|Any CPU
		{9D845B19-03F7-47E2-A7EA-C35350AE0B48}.Release|Any CPU.ActiveCfg = Release|Any CPU
		{9D845B19-03F7-47E2-A7EA-C35350AE0B48}.Release|Any CPU.Build.0 = Release|Any CPU
		{BFD1554F-A852-45EB-9860-C668CEDFA41A}.Debug|Any CPU.ActiveCfg = Debug|Any CPU
		{BFD1554F-A852-45EB-9860-C668CEDFA41A}.Debug|Any CPU.Build.0 = Debug|Any CPU
		{BFD1554F-A852-45EB-9860-C668CEDFA41A}.Release|Any CPU.ActiveCfg = Release|Any CPU
		{BFD1554F-A852-45EB-9860-C668CEDFA41A}.Release|Any CPU.Build.0 = Release|Any CPU
		{97CC313C-9BE7-428C-94E5-45BF1BD7C79E}.Debug|Any CPU.ActiveCfg = Debug|Any CPU
		{97CC313C-9BE7-428C-94E5-45BF1BD7C79E}.Debug|Any CPU.Build.0 = Debug|Any CPU
		{97CC313C-9BE7-428C-94E5-45BF1BD7C79E}.Release|Any CPU.ActiveCfg = Release|Any CPU
		{97CC313C-9BE7-428C-94E5-45BF1BD7C79E}.Release|Any CPU.Build.0 = Release|Any CPU
	EndGlobalSection
	GlobalSection(NestedProjects) = preSolution
		{4119A6C6-71B7-4922-990E-6A287DB2131F} = {9858A695-CDB3-4796-8AEE-CDC8B2A613C1}
		{9D845B19-03F7-47E2-A7EA-C35350AE0B48} = {9858A695-CDB3-4796-8AEE-CDC8B2A613C1}
		{BFD1554F-A852-45EB-9860-C668CEDFA41A} = {9858A695-CDB3-4796-8AEE-CDC8B2A613C1}
		{97CC313C-9BE7-428C-94E5-45BF1BD7C79E} = {9858A695-CDB3-4796-8AEE-CDC8B2A613C1}
	EndGlobalSection
EndGlobal
