
Microsoft Visual Studio Solution File, Format Version 12.00
# Visual Studio Version 17
VisualStudioVersion = 17.0.31903.59
MinimumVisualStudioVersion = 10.0.40219.1
Project("{2150E333-8FDC-42A3-9474-1A3956D46DE8}") = "src", "src", "{F96F016C-0E5A-4DDC-A9DC-7066630076BC}"
EndProject
Project("{FAE04EC0-301F-11D3-BF4B-00C04F79EFBC}") = "Academy.Cart.API", "src\Academy.Cart.API\Academy.Cart.API.csproj", "{A11E5785-8422-49A9-B491-D518C44DB65A}"
EndProject
Project("{FAE04EC0-301F-11D3-BF4B-00C04F79EFBC}") = "Academy.Cart.Application", "src\Academy.Cart.Application\Academy.Cart.Application.csproj", "{2E538562-72EE-4FCD-AD0E-7913BB10CECE}"
EndProject
Project("{FAE04EC0-301F-11D3-BF4B-00C04F79EFBC}") = "Academy.Cart.Domain", "src\Academy.Cart.Domain\Academy.Cart.Domain.csproj", "{22F85D3D-CE77-480F-AFF0-6CA150D3ADD6}"
EndProject
Project("{FAE04EC0-301F-11D3-BF4B-00C04F79EFBC}") = "Academy.Cart.Infrastructure", "src\Academy.Cart.Infrastructure\Academy.Cart.Infrastructure.csproj", "{0147FC55-74A2-43CC-87AD-3E317C37B01B}"
EndProject
Global
	GlobalSection(SolutionConfigurationPlatforms) = preSolution
		Debug|Any CPU = Debug|Any CPU
		Release|Any CPU = Release|Any CPU
	EndGlobalSection
	GlobalSection(SolutionProperties) = preSolution
		HideSolutionNode = FALSE
	EndGlobalSection
	GlobalSection(ProjectConfigurationPlatforms) = postSolution
		{A11E5785-8422-49A9-B491-D518C44DB65A}.Debug|Any CPU.ActiveCfg = Debug|Any CPU
		{A11E5785-8422-49A9-B491-D518C44DB65A}.Debug|Any CPU.Build.0 = Debug|Any CPU
		{A11E5785-8422-49A9-B491-D518C44DB65A}.Release|Any CPU.ActiveCfg = Release|Any CPU
		{A11E5785-8422-49A9-B491-D518C44DB65A}.Release|Any CPU.Build.0 = Release|Any CPU
		{2E538562-72EE-4FCD-AD0E-7913BB10CECE}.Debug|Any CPU.ActiveCfg = Debug|Any CPU
		{2E538562-72EE-4FCD-AD0E-7913BB10CECE}.Debug|Any CPU.Build.0 = Debug|Any CPU
		{2E538562-72EE-4FCD-AD0E-7913BB10CECE}.Release|Any CPU.ActiveCfg = Release|Any CPU
		{2E538562-72EE-4FCD-AD0E-7913BB10CECE}.Release|Any CPU.Build.0 = Release|Any CPU
		{22F85D3D-CE77-480F-AFF0-6CA150D3ADD6}.Debug|Any CPU.ActiveCfg = Debug|Any CPU
		{22F85D3D-CE77-480F-AFF0-6CA150D3ADD6}.Debug|Any CPU.Build.0 = Debug|Any CPU
		{22F85D3D-CE77-480F-AFF0-6CA150D3ADD6}.Release|Any CPU.ActiveCfg = Release|Any CPU
		{22F85D3D-CE77-480F-AFF0-6CA150D3ADD6}.Release|Any CPU.Build.0 = Release|Any CPU
		{0147FC55-74A2-43CC-87AD-3E317C37B01B}.Debug|Any CPU.ActiveCfg = Debug|Any CPU
		{0147FC55-74A2-43CC-87AD-3E317C37B01B}.Debug|Any CPU.Build.0 = Debug|Any CPU
		{0147FC55-74A2-43CC-87AD-3E317C37B01B}.Release|Any CPU.ActiveCfg = Release|Any CPU
		{0147FC55-74A2-43CC-87AD-3E317C37B01B}.Release|Any CPU.Build.0 = Release|Any CPU
	EndGlobalSection
	GlobalSection(NestedProjects) = preSolution
		{A11E5785-8422-49A9-B491-D518C44DB65A} = {F96F016C-0E5A-4DDC-A9DC-7066630076BC}
		{2E538562-72EE-4FCD-AD0E-7913BB10CECE} = {F96F016C-0E5A-4DDC-A9DC-7066630076BC}
		{22F85D3D-CE77-480F-AFF0-6CA150D3ADD6} = {F96F016C-0E5A-4DDC-A9DC-7066630076BC}
		{0147FC55-74A2-43CC-87AD-3E317C37B01B} = {F96F016C-0E5A-4DDC-A9DC-7066630076BC}
	EndGlobalSection
EndGlobal
